
Microsoft Visual Studio Solution File, Format Version 12.00
# Visual Studio Version 16
VisualStudioVersion = 16.0.29411.108
MinimumVisualStudioVersion = 10.0.40219.1
Project("{8BC9CEB8-8B4A-11D0-8D11-00A0C91BC942}") = "DirectX.Lighting", "DirectX.Lighting\DirectX.Lighting.vcxproj", "{6BB8FBEA-A649-4278-8B32-212C7D12B497}"
EndProject
Project("{8BC9CEB8-8B4A-11D0-8D11-00A0C91BC942}") = "DirectX.Initialization", "DirectX.Initialization\DirectX.Initialization.vcxproj", "{99C94EF8-627E-4FCE-A40D-B1148ED433C3}"
EndProject
Project("{8BC9CEB8-8B4A-11D0-8D11-00A0C91BC942}") = "DirectX.Drawing", "DirectX.Drawing\DirectX.Drawing.vcxproj", "{7E0F3C33-912E-420A-8BA7-E52C269B943D}"
EndProject
Project("{8BC9CEB8-8B4A-11D0-8D11-00A0C91BC942}") = "DirectX.Texturing", "DirectX.Texturing\DirectX.Texturing.vcxproj", "{E9C472D6-3BEA-4E50-B675-9200257B8940}"
EndProject
Global
	GlobalSection(SolutionConfigurationPlatforms) = preSolution
		Debug|x64 = Debug|x64
		Debug|x86 = Debug|x86
		Release|x64 = Release|x64
		Release|x86 = Release|x86
	EndGlobalSection
	GlobalSection(ProjectConfigurationPlatforms) = postSolution
		{6BB8FBEA-A649-4278-8B32-212C7D12B497}.Debug|x64.ActiveCfg = Debug|x64
		{6BB8FBEA-A649-4278-8B32-212C7D12B497}.Debug|x64.Build.0 = Debug|x64
		{6BB8FBEA-A649-4278-8B32-212C7D12B497}.Debug|x86.ActiveCfg = Debug|x64
		{6BB8FBEA-A649-4278-8B32-212C7D12B497}.Release|x64.ActiveCfg = Release|x64
		{6BB8FBEA-A649-4278-8B32-212C7D12B497}.Release|x64.Build.0 = Release|x64
		{6BB8FBEA-A649-4278-8B32-212C7D12B497}.Release|x86.ActiveCfg = Release|x64
		{99C94EF8-627E-4FCE-A40D-B1148ED433C3}.Debug|x64.ActiveCfg = Debug|x64
		{99C94EF8-627E-4FCE-A40D-B1148ED433C3}.Debug|x64.Build.0 = Debug|x64
		{99C94EF8-627E-4FCE-A40D-B1148ED433C3}.Debug|x86.ActiveCfg = Debug|x64
		{99C94EF8-627E-4FCE-A40D-B1148ED433C3}.Release|x64.ActiveCfg = Release|x64
		{99C94EF8-627E-4FCE-A40D-B1148ED433C3}.Release|x64.Build.0 = Release|x64
		{99C94EF8-627E-4FCE-A40D-B1148ED433C3}.Release|x86.ActiveCfg = Release|x64
		{7E0F3C33-912E-420A-8BA7-E52C269B943D}.Debug|x64.ActiveCfg = Debug|x64
		{7E0F3C33-912E-420A-8BA7-E52C269B943D}.Debug|x64.Build.0 = Debug|x64
		{7E0F3C33-912E-420A-8BA7-E52C269B943D}.Debug|x86.ActiveCfg = Debug|x64
		{7E0F3C33-912E-420A-8BA7-E52C269B943D}.Release|x64.ActiveCfg = Release|x64
		{7E0F3C33-912E-420A-8BA7-E52C269B943D}.Release|x64.Build.0 = Release|x64
		{7E0F3C33-912E-420A-8BA7-E52C269B943D}.Release|x86.ActiveCfg = Release|x64
		{E9C472D6-3BEA-4E50-B675-9200257B8940}.Debug|x64.ActiveCfg = Debug|x64
		{E9C472D6-3BEA-4E50-B675-9200257B8940}.Debug|x64.Build.0 = Debug|x64
		{E9C472D6-3BEA-4E50-B675-9200257B8940}.Debug|x86.ActiveCfg = Debug|x64
		{E9C472D6-3BEA-4E50-B675-9200257B8940}.Release|x64.ActiveCfg = Release|x64
		{E9C472D6-3BEA-4E50-B675-9200257B8940}.Release|x64.Build.0 = Release|x64
		{E9C472D6-3BEA-4E50-B675-9200257B8940}.Release|x86.ActiveCfg = Release|x64
	EndGlobalSection
	GlobalSection(SolutionProperties) = preSolution
		HideSolutionNode = FALSE
	EndGlobalSection
	GlobalSection(ExtensibilityGlobals) = postSolution
		SolutionGuid = {6CEA837D-FC28-446F-B2E0-D382FF178D4B}
	EndGlobalSection
EndGlobal
